// !$*UTF8*$!
{
	archiveVersion = 1;
	classes = {
	};
	objectVersion = 56;
	objects = {

/* Begin PBXBuildFile section */
		2711E5F42C81A04B0071586A /* Co2TravelApp.swift in Sources */ = {isa = PBXBuildFile; fileRef = 2711E5F32C81A04B0071586A /* Co2TravelApp.swift */; };
		2711E5F62C81A04B0071586A /* ContentView.swift in Sources */ = {isa = PBXBuildFile; fileRef = 2711E5F52C81A04B0071586A /* ContentView.swift */; };
		2711E5F82C81A04C0071586A /* Assets.xcassets in Resources */ = {isa = PBXBuildFile; fileRef = 2711E5F72C81A04C0071586A /* Assets.xcassets */; };
		2711E5FB2C81A04C0071586A /* Preview Assets.xcassets in Resources */ = {isa = PBXBuildFile; fileRef = 2711E5FA2C81A04C0071586A /* Preview Assets.xcassets */; };
		2711E6052C81A5490071586A /* TransportView.swift in Sources */ = {isa = PBXBuildFile; fileRef = 2711E6042C81A5490071586A /* TransportView.swift */; };
		2711E6072C81A6590071586A /* TransportMode.swift in Sources */ = {isa = PBXBuildFile; fileRef = 2711E6062C81A6590071586A /* TransportMode.swift */; };
		2711E6092C81B23C0071586A /* ApiManager.swift in Sources */ = {isa = PBXBuildFile; fileRef = 2711E6082C81B23C0071586A /* ApiManager.swift */; };
		2711E60E2C81B2DC0071586A /* ApiResult.swift in Sources */ = {isa = PBXBuildFile; fileRef = 2711E60D2C81B2DC0071586A /* ApiResult.swift */; };
		2711E6112C81B8A50071586A /* Alamofire in Frameworks */ = {isa = PBXBuildFile; productRef = 2711E6102C81B8A50071586A /* Alamofire */; };
		2711E6132C81BA310071586A /* TransportViewModel.swift in Sources */ = {isa = PBXBuildFile; fileRef = 2711E6122C81BA310071586A /* TransportViewModel.swift */; };
		2711E6152C81C16B0071586A /* ResultView.swift in Sources */ = {isa = PBXBuildFile; fileRef = 2711E6142C81C16B0071586A /* ResultView.swift */; };
/* End PBXBuildFile section */

/* Begin PBXFileReference section */
		2711E5F02C81A04B0071586A /* Co2Travel.app */ = {isa = PBXFileReference; explicitFileType = wrapper.application; includeInIndex = 0; path = Co2Travel.app; sourceTree = BUILT_PRODUCTS_DIR; };
		2711E5F32C81A04B0071586A /* Co2TravelApp.swift */ = {isa = PBXFileReference; lastKnownFileType = sourcecode.swift; path = Co2TravelApp.swift; sourceTree = "<group>"; };
		2711E5F52C81A04B0071586A /* ContentView.swift */ = {isa = PBXFileReference; lastKnownFileType = sourcecode.swift; path = ContentView.swift; sourceTree = "<group>"; };
		2711E5F72C81A04C0071586A /* Assets.xcassets */ = {isa = PBXFileReference; lastKnownFileType = folder.assetcatalog; path = Assets.xcassets; sourceTree = "<group>"; };
		2711E5FA2C81A04C0071586A /* Preview Assets.xcassets */ = {isa = PBXFileReference; lastKnownFileType = folder.assetcatalog; path = "Preview Assets.xcassets"; sourceTree = "<group>"; };
		2711E6042C81A5490071586A /* TransportView.swift */ = {isa = PBXFileReference; lastKnownFileType = sourcecode.swift; path = TransportView.swift; sourceTree = "<group>"; };
		2711E6062C81A6590071586A /* TransportMode.swift */ = {isa = PBXFileReference; lastKnownFileType = sourcecode.swift; path = TransportMode.swift; sourceTree = "<group>"; };
		2711E6082C81B23C0071586A /* ApiManager.swift */ = {isa = PBXFileReference; lastKnownFileType = sourcecode.swift; path = ApiManager.swift; sourceTree = "<group>"; };
		2711E60D2C81B2DC0071586A /* ApiResult.swift */ = {isa = PBXFileReference; lastKnownFileType = sourcecode.swift; path = ApiResult.swift; sourceTree = "<group>"; };
		2711E6122C81BA310071586A /* TransportViewModel.swift */ = {isa = PBXFileReference; lastKnownFileType = sourcecode.swift; path = TransportViewModel.swift; sourceTree = "<group>"; };
		2711E6142C81C16B0071586A /* ResultView.swift */ = {isa = PBXFileReference; lastKnownFileType = sourcecode.swift; path = ResultView.swift; sourceTree = "<group>"; };
		27D671602C85A5F7000A3D4D /* README.md */ = {isa = PBXFileReference; lastKnownFileType = net.daringfireball.markdown; path = README.md; sourceTree = "<group>"; };
/* End PBXFileReference section */

/* Begin PBXFrameworksBuildPhase section */
		2711E5ED2C81A04B0071586A /* Frameworks */ = {
			isa = PBXFrameworksBuildPhase;
			buildActionMask = 2147483647;
			files = (
				2711E6112C81B8A50071586A /* Alamofire in Frameworks */,
			);
			runOnlyForDeploymentPostprocessing = 0;
		};
/* End PBXFrameworksBuildPhase section */

/* Begin PBXGroup section */
		2711E5E72C81A04B0071586A = {
			isa = PBXGroup;
			children = (
				27D671602C85A5F7000A3D4D /* README.md */,
				2711E5F22C81A04B0071586A /* Co2Travel */,
				2711E5F12C81A04B0071586A /* Products */,
			);
			sourceTree = "<group>";
		};
		2711E5F12C81A04B0071586A /* Products */ = {
			isa = PBXGroup;
			children = (
				2711E5F02C81A04B0071586A /* Co2Travel.app */,
			);
			name = Products;
			sourceTree = "<group>";
		};
		2711E5F22C81A04B0071586A /* Co2Travel */ = {
			isa = PBXGroup;
			children = (
				2711E5F32C81A04B0071586A /* Co2TravelApp.swift */,
				2711E6012C81A0B40071586A /* Model */,
				2711E6022C81A0C10071586A /* View */,
				2711E6032C81A0CA0071586A /* ViewModel */,
				2711E5F72C81A04C0071586A /* Assets.xcassets */,
				2711E5F92C81A04C0071586A /* Preview Content */,
			);
			path = Co2Travel;
			sourceTree = "<group>";
		};
		2711E5F92C81A04C0071586A /* Preview Content */ = {
			isa = PBXGroup;
			children = (
				2711E5FA2C81A04C0071586A /* Preview Assets.xcassets */,
			);
			path = "Preview Content";
			sourceTree = "<group>";
		};
		2711E6012C81A0B40071586A /* Model */ = {
			isa = PBXGroup;
			children = (
				2711E6062C81A6590071586A /* TransportMode.swift */,
				2711E6082C81B23C0071586A /* ApiManager.swift */,
				2711E60D2C81B2DC0071586A /* ApiResult.swift */,
			);
			path = Model;
			sourceTree = "<group>";
		};
		2711E6022C81A0C10071586A /* View */ = {
			isa = PBXGroup;
			children = (
				2711E5F52C81A04B0071586A /* ContentView.swift */,
				2711E6042C81A5490071586A /* TransportView.swift */,
				2711E6142C81C16B0071586A /* ResultView.swift */,
			);
			path = View;
			sourceTree = "<group>";
		};
		2711E6032C81A0CA0071586A /* ViewModel */ = {
			isa = PBXGroup;
			children = (
				2711E6122C81BA310071586A /* TransportViewModel.swift */,
			);
			path = ViewModel;
			sourceTree = "<group>";
		};
/* End PBXGroup section */

/* Begin PBXNativeTarget section */
		2711E5EF2C81A04B0071586A /* Co2Travel */ = {
			isa = PBXNativeTarget;
			buildConfigurationList = 2711E5FE2C81A04C0071586A /* Build configuration list for PBXNativeTarget "Co2Travel" */;
			buildPhases = (
				2711E5EC2C81A04B0071586A /* Sources */,
				2711E5ED2C81A04B0071586A /* Frameworks */,
				2711E5EE2C81A04B0071586A /* Resources */,
			);
			buildRules = (
			);
			dependencies = (
			);
			name = Co2Travel;
			packageProductDependencies = (
				2711E6102C81B8A50071586A /* Alamofire */,
			);
			productName = Co2Travel;
			productReference = 2711E5F02C81A04B0071586A /* Co2Travel.app */;
			productType = "com.apple.product-type.application";
		};
/* End PBXNativeTarget section */

/* Begin PBXProject section */
		2711E5E82C81A04B0071586A /* Project object */ = {
			isa = PBXProject;
			attributes = {
				BuildIndependentTargetsInParallel = 1;
				LastSwiftUpdateCheck = 1410;
				LastUpgradeCheck = 1410;
				TargetAttributes = {
					2711E5EF2C81A04B0071586A = {
						CreatedOnToolsVersion = 14.1;
					};
				};
			};
			buildConfigurationList = 2711E5EB2C81A04B0071586A /* Build configuration list for PBXProject "Co2Travel" */;
			compatibilityVersion = "Xcode 14.0";
			developmentRegion = en;
			hasScannedForEncodings = 0;
			knownRegions = (
				en,
				Base,
			);
			mainGroup = 2711E5E72C81A04B0071586A;
			packageReferences = (
				2711E60F2C81B8A50071586A /* XCRemoteSwiftPackageReference "Alamofire" */,
			);
			productRefGroup = 2711E5F12C81A04B0071586A /* Products */;
			projectDirPath = "";
			projectRoot = "";
			targets = (
				2711E5EF2C81A04B0071586A /* Co2Travel */,
			);
		};
/* End PBXProject section */

/* Begin PBXResourcesBuildPhase section */
		2711E5EE2C81A04B0071586A /* Resources */ = {
			isa = PBXResourcesBuildPhase;
			buildActionMask = 2147483647;
			files = (
				2711E5FB2C81A04C0071586A /* Preview Assets.xcassets in Resources */,
				2711E5F82C81A04C0071586A /* Assets.xcassets in Resources */,
			);
			runOnlyForDeploymentPostprocessing = 0;
		};
/* End PBXResourcesBuildPhase section */

/* Begin PBXSourcesBuildPhase section */
		2711E5EC2C81A04B0071586A /* Sources */ = {
			isa = PBXSourcesBuildPhase;
			buildActionMask = 2147483647;
			files = (
				2711E6072C81A6590071586A /* TransportMode.swift in Sources */,
				2711E5F62C81A04B0071586A /* ContentView.swift in Sources */,
				2711E6092C81B23C0071586A /* ApiManager.swift in Sources */,
				2711E60E2C81B2DC0071586A /* ApiResult.swift in Sources */,
				2711E5F42C81A04B0071586A /* Co2TravelApp.swift in Sources */,
				2711E6152C81C16B0071586A /* ResultView.swift in Sources */,
				2711E6052C81A5490071586A /* TransportView.swift in Sources */,
				2711E6132C81BA310071586A /* TransportViewModel.swift in Sources */,
			);
			runOnlyForDeploymentPostprocessing = 0;
		};
/* End PBXSourcesBuildPhase section */

/* Begin XCBuildConfiguration section */
		2711E5FC2C81A04C0071586A /* Debug */ = {
			isa = XCBuildConfiguration;
			buildSettings = {
				ALWAYS_SEARCH_USER_PATHS = NO;
				CLANG_ANALYZER_NONNULL = YES;
				CLANG_ANALYZER_NUMBER_OBJECT_CONVERSION = YES_AGGRESSIVE;
				CLANG_CXX_LANGUAGE_STANDARD = "gnu++20";
				CLANG_ENABLE_MODULES = YES;
				CLANG_ENABLE_OBJC_ARC = YES;
				CLANG_ENABLE_OBJC_WEAK = YES;
				CLANG_WARN_BLOCK_CAPTURE_AUTORELEASING = YES;
				CLANG_WARN_BOOL_CONVERSION = YES;
				CLANG_WARN_COMMA = YES;
				CLANG_WARN_CONSTANT_CONVERSION = YES;
				CLANG_WARN_DEPRECATED_OBJC_IMPLEMENTATIONS = YES;
				CLANG_WARN_DIRECT_OBJC_ISA_USAGE = YES_ERROR;
				CLANG_WARN_DOCUMENTATION_COMMENTS = YES;
				CLANG_WARN_EMPTY_BODY = YES;
				CLANG_WARN_ENUM_CONVERSION = YES;
				CLANG_WARN_INFINITE_RECURSION = YES;
				CLANG_WARN_INT_CONVERSION = YES;
				CLANG_WARN_NON_LITERAL_NULL_CONVERSION = YES;
				CLANG_WARN_OBJC_IMPLICIT_RETAIN_SELF = YES;
				CLANG_WARN_OBJC_LITERAL_CONVERSION = YES;
				CLANG_WARN_OBJC_ROOT_CLASS = YES_ERROR;
				CLANG_WARN_QUOTED_INCLUDE_IN_FRAMEWORK_HEADER = YES;
				CLANG_WARN_RANGE_LOOP_ANALYSIS = YES;
				CLANG_WARN_STRICT_PROTOTYPES = YES;
				CLANG_WARN_SUSPICIOUS_MOVE = YES;
				CLANG_WARN_UNGUARDED_AVAILABILITY = YES_AGGRESSIVE;
				CLANG_WARN_UNREACHABLE_CODE = YES;
				CLANG_WARN__DUPLICATE_METHOD_MATCH = YES;
				COPY_PHASE_STRIP = NO;
				DEBUG_INFORMATION_FORMAT = dwarf;
				ENABLE_STRICT_OBJC_MSGSEND = YES;
				ENABLE_TESTABILITY = YES;
				GCC_C_LANGUAGE_STANDARD = gnu11;
				GCC_DYNAMIC_NO_PIC = NO;
				GCC_NO_COMMON_BLOCKS = YES;
				GCC_OPTIMIZATION_LEVEL = 0;
				GCC_PREPROCESSOR_DEFINITIONS = (
					"DEBUG=1",
					"$(inherited)",
				);
				GCC_WARN_64_TO_32_BIT_CONVERSION = YES;
				GCC_WARN_ABOUT_RETURN_TYPE = YES_ERROR;
				GCC_WARN_UNDECLARED_SELECTOR = YES;
				GCC_WARN_UNINITIALIZED_AUTOS = YES_AGGRESSIVE;
				GCC_WARN_UNUSED_FUNCTION = YES;
				GCC_WARN_UNUSED_VARIABLE = YES;
				IPHONEOS_DEPLOYMENT_TARGET = 16.1;
				MTL_ENABLE_DEBUG_INFO = INCLUDE_SOURCE;
				MTL_FAST_MATH = YES;
				ONLY_ACTIVE_ARCH = YES;
				SDKROOT = iphoneos;
				SWIFT_ACTIVE_COMPILATION_CONDITIONS = DEBUG;
				SWIFT_OPTIMIZATION_LEVEL = "-Onone";
			};
			name = Debug;
		};
		2711E5FD2C81A04C0071586A /* Release */ = {
			isa = XCBuildConfiguration;
			buildSettings = {
				ALWAYS_SEARCH_USER_PATHS = NO;
				CLANG_ANALYZER_NONNULL = YES;
				CLANG_ANALYZER_NUMBER_OBJECT_CONVERSION = YES_AGGRESSIVE;
				CLANG_CXX_LANGUAGE_STANDARD = "gnu++20";
				CLANG_ENABLE_MODULES = YES;
				CLANG_ENABLE_OBJC_ARC = YES;
				CLANG_ENABLE_OBJC_WEAK = YES;
				CLANG_WARN_BLOCK_CAPTURE_AUTORELEASING = YES;
				CLANG_WARN_BOOL_CONVERSION = YES;
				CLANG_WARN_COMMA = YES;
				CLANG_WARN_CONSTANT_CONVERSION = YES;
				CLANG_WARN_DEPRECATED_OBJC_IMPLEMENTATIONS = YES;
				CLANG_WARN_DIRECT_OBJC_ISA_USAGE = YES_ERROR;
				CLANG_WARN_DOCUMENTATION_COMMENTS = YES;
				CLANG_WARN_EMPTY_BODY = YES;
				CLANG_WARN_ENUM_CONVERSION = YES;
				CLANG_WARN_INFINITE_RECURSION = YES;
				CLANG_WARN_INT_CONVERSION = YES;
				CLANG_WARN_NON_LITERAL_NULL_CONVERSION = YES;
				CLANG_WARN_OBJC_IMPLICIT_RETAIN_SELF = YES;
				CLANG_WARN_OBJC_LITERAL_CONVERSION = YES;
				CLANG_WARN_OBJC_ROOT_CLASS = YES_ERROR;
				CLANG_WARN_QUOTED_INCLUDE_IN_FRAMEWORK_HEADER = YES;
				CLANG_WARN_RANGE_LOOP_ANALYSIS = YES;
				CLANG_WARN_STRICT_PROTOTYPES = YES;
				CLANG_WARN_SUSPICIOUS_MOVE = YES;
				CLANG_WARN_UNGUARDED_AVAILABILITY = YES_AGGRESSIVE;
				CLANG_WARN_UNREACHABLE_CODE = YES;
				CLANG_WARN__DUPLICATE_METHOD_MATCH = YES;
				COPY_PHASE_STRIP = NO;
				DEBUG_INFORMATION_FORMAT = "dwarf-with-dsym";
				ENABLE_NS_ASSERTIONS = NO;
				ENABLE_STRICT_OBJC_MSGSEND = YES;
				GCC_C_LANGUAGE_STANDARD = gnu11;
				GCC_NO_COMMON_BLOCKS = YES;
				GCC_WARN_64_TO_32_BIT_CONVERSION = YES;
				GCC_WARN_ABOUT_RETURN_TYPE = YES_ERROR;
				GCC_WARN_UNDECLARED_SELECTOR = YES;
				GCC_WARN_UNINITIALIZED_AUTOS = YES_AGGRESSIVE;
				GCC_WARN_UNUSED_FUNCTION = YES;
				GCC_WARN_UNUSED_VARIABLE = YES;
				IPHONEOS_DEPLOYMENT_TARGET = 16.1;
				MTL_ENABLE_DEBUG_INFO = NO;
				MTL_FAST_MATH = YES;
				SDKROOT = iphoneos;
				SWIFT_COMPILATION_MODE = wholemodule;
				SWIFT_OPTIMIZATION_LEVEL = "-O";
				VALIDATE_PRODUCT = YES;
			};
			name = Release;
		};
		2711E5FF2C81A04C0071586A /* Debug */ = {
			isa = XCBuildConfiguration;
			buildSettings = {
				ASSETCATALOG_COMPILER_APPICON_NAME = AppIcon;
				ASSETCATALOG_COMPILER_GLOBAL_ACCENT_COLOR_NAME = AccentColor;
				CODE_SIGN_STYLE = Automatic;
				CURRENT_PROJECT_VERSION = 1;
				DEVELOPMENT_ASSET_PATHS = "\"Co2Travel/Preview Content\"";
				DEVELOPMENT_TEAM = DCAZQ9Q5D9;
				ENABLE_PREVIEWS = YES;
				GENERATE_INFOPLIST_FILE = YES;
				INFOPLIST_KEY_UIApplicationSceneManifest_Generation = YES;
				INFOPLIST_KEY_UIApplicationSupportsIndirectInputEvents = YES;
				INFOPLIST_KEY_UILaunchScreen_Generation = YES;
				INFOPLIST_KEY_UISupportedInterfaceOrientations_iPad = "UIInterfaceOrientationPortrait UIInterfaceOrientationPortraitUpsideDown UIInterfaceOrientationLandscapeLeft UIInterfaceOrientationLandscapeRight";
				INFOPLIST_KEY_UISupportedInterfaceOrientations_iPhone = "UIInterfaceOrientationPortrait UIInterfaceOrientationLandscapeLeft UIInterfaceOrientationLandscapeRight";
				LD_RUNPATH_SEARCH_PATHS = (
					"$(inherited)",
					"@executable_path/Frameworks",
				);
				MARKETING_VERSION = 1.0;
				PRODUCT_BUNDLE_IDENTIFIER = co2travel.octopus.app.Co2Travel;
				PRODUCT_NAME = "$(TARGET_NAME)";
				SWIFT_EMIT_LOC_STRINGS = YES;
				SWIFT_VERSION = 5.0;
				TARGETED_DEVICE_FAMILY = "1,2";
			};
			name = Debug;
		};
		2711E6002C81A04C0071586A /* Release */ = {
			isa = XCBuildConfiguration;
			buildSettings = {
				ASSETCATALOG_COMPILER_APPICON_NAME = AppIcon;
				ASSETCATALOG_COMPILER_GLOBAL_ACCENT_COLOR_NAME = AccentColor;
				CODE_SIGN_STYLE = Automatic;
				CURRENT_PROJECT_VERSION = 1;
				DEVELOPMENT_ASSET_PATHS = "\"Co2Travel/Preview Content\"";
				DEVELOPMENT_TEAM = DCAZQ9Q5D9;
				ENABLE_PREVIEWS = YES;
				GENERATE_INFOPLIST_FILE = YES;
				INFOPLIST_KEY_UIApplicationSceneManifest_Generation = YES;
				INFOPLIST_KEY_UIApplicationSupportsIndirectInputEvents = YES;
				INFOPLIST_KEY_UILaunchScreen_Generation = YES;
				INFOPLIST_KEY_UISupportedInterfaceOrientations_iPad = "UIInterfaceOrientationPortrait UIInterfaceOrientationPortraitUpsideDown UIInterfaceOrientationLandscapeLeft UIInterfaceOrientationLandscapeRight";
				INFOPLIST_KEY_UISupportedInterfaceOrientations_iPhone = "UIInterfaceOrientationPortrait UIInterfaceOrientationLandscapeLeft UIInterfaceOrientationLandscapeRight";
				LD_RUNPATH_SEARCH_PATHS = (
					"$(inherited)",
					"@executable_path/Frameworks",
				);
				MARKETING_VERSION = 1.0;
				PRODUCT_BUNDLE_IDENTIFIER = co2travel.octopus.app.Co2Travel;
				PRODUCT_NAME = "$(TARGET_NAME)";
				SWIFT_EMIT_LOC_STRINGS = YES;
				SWIFT_VERSION = 5.0;
				TARGETED_DEVICE_FAMILY = "1,2";
			};
			name = Release;
		};
/* End XCBuildConfiguration section */

/* Begin XCConfigurationList section */
		2711E5EB2C81A04B0071586A /* Build configuration list for PBXProject "Co2Travel" */ = {
			isa = XCConfigurationList;
			buildConfigurations = (
				2711E5FC2C81A04C0071586A /* Debug */,
				2711E5FD2C81A04C0071586A /* Release */,
			);
			defaultConfigurationIsVisible = 0;
			defaultConfigurationName = Release;
		};
		2711E5FE2C81A04C0071586A /* Build configuration list for PBXNativeTarget "Co2Travel" */ = {
			isa = XCConfigurationList;
			buildConfigurations = (
				2711E5FF2C81A04C0071586A /* Debug */,
				2711E6002C81A04C0071586A /* Release */,
			);
			defaultConfigurationIsVisible = 0;
			defaultConfigurationName = Release;
		};
/* End XCConfigurationList section */

/* Begin XCRemoteSwiftPackageReference section */
		2711E60F2C81B8A50071586A /* XCRemoteSwiftPackageReference "Alamofire" */ = {
			isa = XCRemoteSwiftPackageReference;
			repositoryURL = "https://github.com/Alamofire/Alamofire.git";
			requirement = {
				kind = upToNextMajorVersion;
				minimumVersion = 5.5.0;
			};
		};
/* End XCRemoteSwiftPackageReference section */

/* Begin XCSwiftPackageProductDependency section */
		2711E6102C81B8A50071586A /* Alamofire */ = {
			isa = XCSwiftPackageProductDependency;
			package = 2711E60F2C81B8A50071586A /* XCRemoteSwiftPackageReference "Alamofire" */;
			productName = Alamofire;
		};
/* End XCSwiftPackageProductDependency section */
	};
	rootObject = 2711E5E82C81A04B0071586A /* Project object */;
}
